
Microsoft Visual Studio Solution File, Format Version 12.00
# Visual Studio Version 16
VisualStudioVersion = 16.0.30204.135
MinimumVisualStudioVersion = 10.0.40219.1
Project("{9A19103F-16F7-4668-BE54-9A1E7A4F7556}") = "ApplicationMiddleware", "ApplicationMiddleware\ApplicationMiddleware.csproj", "{C9FD3F7A-4460-4628-AAB4-52D500E1A978}"
EndProject
Global
	GlobalSection(SolutionConfigurationPlatforms) = preSolution
		Debug|Any CPU = Debug|Any CPU
		Release|Any CPU = Release|Any CPU
	EndGlobalSection
	GlobalSection(ProjectConfigurationPlatforms) = postSolution
		{C9FD3F7A-4460-4628-AAB4-52D500E1A978}.Debug|Any CPU.ActiveCfg = Debug|Any CPU
		{C9FD3F7A-4460-4628-AAB4-52D500E1A978}.Debug|Any CPU.Build.0 = Debug|Any CPU
		{C9FD3F7A-4460-4628-AAB4-52D500E1A978}.Release|Any CPU.ActiveCfg = Release|Any CPU
		{C9FD3F7A-4460-4628-AAB4-52D500E1A978}.Release|Any CPU.Build.0 = Release|Any CPU
	EndGlobalSection
	GlobalSection(SolutionProperties) = preSolution
		HideSolutionNode = FALSE
	EndGlobalSection
	GlobalSection(ExtensibilityGlobals) = postSolution
		SolutionGuid = {EC16E5E2-F041-47B2-B787-DDA6588F56B0}
	EndGlobalSection
EndGlobal
